// !$*UTF8*$!
{
	archiveVersion = 1;
	classes = {
	};
	objectVersion = 46;
	objects = {

/* Begin PBXBuildFile section */
		0E2704991BCD85120080C3AE /* AppDelegate.swift in Sources */ = {isa = PBXBuildFile; fileRef = 0E2704981BCD85120080C3AE /* AppDelegate.swift */; };
		0E27049B1BCD85120080C3AE /* RecordSoundsViewController.swift in Sources */ = {isa = PBXBuildFile; fileRef = 0E27049A1BCD85120080C3AE /* RecordSoundsViewController.swift */; };
		0E27049E1BCD85120080C3AE /* Main.storyboard in Resources */ = {isa = PBXBuildFile; fileRef = 0E27049C1BCD85120080C3AE /* Main.storyboard */; };
		0E2704A01BCD85120080C3AE /* Assets.xcassets in Resources */ = {isa = PBXBuildFile; fileRef = 0E27049F1BCD85120080C3AE /* Assets.xcassets */; };
		0E2704A31BCD85120080C3AE /* LaunchScreen.storyboard in Resources */ = {isa = PBXBuildFile; fileRef = 0E2704A11BCD85120080C3AE /* LaunchScreen.storyboard */; };
		0E2704AB1BCEFD000080C3AE /* PlaySoundsViewController.swift in Sources */ = {isa = PBXBuildFile; fileRef = 0E2704AA1BCEFD000080C3AE /* PlaySoundsViewController.swift */; settings = {ASSET_TAGS = (); }; };
		0E2704AD1BCEFFB10080C3AE /* movie_quote.mp3 in Resources */ = {isa = PBXBuildFile; fileRef = 0E2704AC1BCEFFB10080C3AE /* movie_quote.mp3 */; settings = {ASSET_TAGS = (); }; };
		0E2704AF1BD05C8D0080C3AE /* RecordedAudio.swift in Sources */ = {isa = PBXBuildFile; fileRef = 0E2704AE1BD05C8D0080C3AE /* RecordedAudio.swift */; settings = {ASSET_TAGS = (); }; };
/* End PBXBuildFile section */

/* Begin PBXFileReference section */
		0E2704951BCD85120080C3AE /* PitchPerfect.app */ = {isa = PBXFileReference; explicitFileType = wrapper.application; includeInIndex = 0; path = PitchPerfect.app; sourceTree = BUILT_PRODUCTS_DIR; };
		0E2704981BCD85120080C3AE /* AppDelegate.swift */ = {isa = PBXFileReference; lastKnownFileType = sourcecode.swift; path = AppDelegate.swift; sourceTree = "<group>"; };
		0E27049A1BCD85120080C3AE /* RecordSoundsViewController.swift */ = {isa = PBXFileReference; lastKnownFileType = sourcecode.swift; path = RecordSoundsViewController.swift; sourceTree = "<group>"; };
		0E27049D1BCD85120080C3AE /* Base */ = {isa = PBXFileReference; lastKnownFileType = file.storyboard; name = Base; path = Base.lproj/Main.storyboard; sourceTree = "<group>"; };
		0E27049F1BCD85120080C3AE /* Assets.xcassets */ = {isa = PBXFileReference; lastKnownFileType = folder.assetcatalog; path = Assets.xcassets; sourceTree = "<group>"; };
		0E2704A21BCD85120080C3AE /* Base */ = {isa = PBXFileReference; lastKnownFileType = file.storyboard; name = Base; path = Base.lproj/LaunchScreen.storyboard; sourceTree = "<group>"; };
		0E2704A41BCD85120080C3AE /* Info.plist */ = {isa = PBXFileReference; lastKnownFileType = text.plist.xml; path = Info.plist; sourceTree = "<group>"; };
		0E2704AA1BCEFD000080C3AE /* PlaySoundsViewController.swift */ = {isa = PBXFileReference; fileEncoding = 4; lastKnownFileType = sourcecode.swift; path = PlaySoundsViewController.swift; sourceTree = "<group>"; };
		0E2704AC1BCEFFB10080C3AE /* movie_quote.mp3 */ = {isa = PBXFileReference; lastKnownFileType = audio.mp3; name = movie_quote.mp3; path = ../../../../Downloads/movie_quote.mp3; sourceTree = "<group>"; };
		0E2704AE1BD05C8D0080C3AE /* RecordedAudio.swift */ = {isa = PBXFileReference; fileEncoding = 4; lastKnownFileType = sourcecode.swift; path = RecordedAudio.swift; sourceTree = "<group>"; };
/* End PBXFileReference section */

/* Begin PBXFrameworksBuildPhase section */
		0E2704921BCD85120080C3AE /* Frameworks */ = {
			isa = PBXFrameworksBuildPhase;
			buildActionMask = 2147483647;
			files = (
			);
			runOnlyForDeploymentPostprocessing = 0;
		};
/* End PBXFrameworksBuildPhase section */

/* Begin PBXGroup section */
		0E27048C1BCD85110080C3AE = {
			isa = PBXGroup;
			children = (
				0E2704971BCD85120080C3AE /* PitchPerfect */,
				0E2704961BCD85120080C3AE /* Products */,
			);
			sourceTree = "<group>";
		};
		0E2704961BCD85120080C3AE /* Products */ = {
			isa = PBXGroup;
			children = (
				0E2704951BCD85120080C3AE /* PitchPerfect.app */,
			);
			name = Products;
			sourceTree = "<group>";
		};
		0E2704971BCD85120080C3AE /* PitchPerfect */ = {
			isa = PBXGroup;
			children = (
				0E2704981BCD85120080C3AE /* AppDelegate.swift */,
				0E27049A1BCD85120080C3AE /* RecordSoundsViewController.swift */,
				0E2704AE1BD05C8D0080C3AE /* RecordedAudio.swift */,
				0E27049C1BCD85120080C3AE /* Main.storyboard */,
				0E2704AC1BCEFFB10080C3AE /* movie_quote.mp3 */,
				0E27049F1BCD85120080C3AE /* Assets.xcassets */,
				0E2704A11BCD85120080C3AE /* LaunchScreen.storyboard */,
				0E2704A41BCD85120080C3AE /* Info.plist */,
				0E2704AA1BCEFD000080C3AE /* PlaySoundsViewController.swift */,
			);
			path = PitchPerfect;
			sourceTree = "<group>";
		};
/* End PBXGroup section */

/* Begin PBXNativeTarget section */
		0E2704941BCD85120080C3AE /* PitchPerfect */ = {
			isa = PBXNativeTarget;
			buildConfigurationList = 0E2704A71BCD85120080C3AE /* Build configuration list for PBXNativeTarget "PitchPerfect" */;
			buildPhases = (
				0E2704911BCD85120080C3AE /* Sources */,
				0E2704921BCD85120080C3AE /* Frameworks */,
				0E2704931BCD85120080C3AE /* Resources */,
			);
			buildRules = (
			);
			dependencies = (
			);
			name = PitchPerfect;
			productName = PitchPerfect;
			productReference = 0E2704951BCD85120080C3AE /* PitchPerfect.app */;
			productType = "com.apple.product-type.application";
		};
/* End PBXNativeTarget section */

/* Begin PBXProject section */
		0E27048D1BCD85120080C3AE /* Project object */ = {
			isa = PBXProject;
			attributes = {
				LastUpgradeCheck = 0700;
				ORGANIZATIONNAME = "Jonathan Douglas";
				TargetAttributes = {
					0E2704941BCD85120080C3AE = {
						CreatedOnToolsVersion = 7.0.1;
					};
				};
			};
			buildConfigurationList = 0E2704901BCD85120080C3AE /* Build configuration list for PBXProject "PitchPerfect" */;
			compatibilityVersion = "Xcode 3.2";
			developmentRegion = English;
			hasScannedForEncodings = 0;
			knownRegions = (
				en,
				Base,
			);
			mainGroup = 0E27048C1BCD85110080C3AE;
			productRefGroup = 0E2704961BCD85120080C3AE /* Products */;
			projectDirPath = "";
			projectRoot = "";
			targets = (
				0E2704941BCD85120080C3AE /* PitchPerfect */,
			);
		};
/* End PBXProject section */

/* Begin PBXResourcesBuildPhase section */
		0E2704931BCD85120080C3AE /* Resources */ = {
			isa = PBXResourcesBuildPhase;
			buildActionMask = 2147483647;
			files = (
				0E2704A31BCD85120080C3AE /* LaunchScreen.storyboard in Resources */,
				0E2704A01BCD85120080C3AE /* Assets.xcassets in Resources */,
				0E2704AD1BCEFFB10080C3AE /* movie_quote.mp3 in Resources */,
				0E27049E1BCD85120080C3AE /* Main.storyboard in Resources */,
			);
			runOnlyForDeploymentPostprocessing = 0;
		};
/* End PBXResourcesBuildPhase section */

/* Begin PBXSourcesBuildPhase section */
		0E2704911BCD85120080C3AE /* Sources */ = {
			isa = PBXSourcesBuildPhase;
			buildActionMask = 2147483647;
			files = (
				0E2704AF1BD05C8D0080C3AE /* RecordedAudio.swift in Sources */,
				0E27049B1BCD85120080C3AE /* RecordSoundsViewController.swift in Sources */,
				0E2704AB1BCEFD000080C3AE /* PlaySoundsViewController.swift in Sources */,
				0E2704991BCD85120080C3AE /* AppDelegate.swift in Sources */,
			);
			runOnlyForDeploymentPostprocessing = 0;
		};
/* End PBXSourcesBuildPhase section */

/* Begin PBXVariantGroup section */
		0E27049C1BCD85120080C3AE /* Main.storyboard */ = {
			isa = PBXVariantGroup;
			children = (
				0E27049D1BCD85120080C3AE /* Base */,
			);
			name = Main.storyboard;
			sourceTree = "<group>";
		};
		0E2704A11BCD85120080C3AE /* LaunchScreen.storyboard */ = {
			isa = PBXVariantGroup;
			children = (
				0E2704A21BCD85120080C3AE /* Base */,
			);
			name = LaunchScreen.storyboard;
			sourceTree = "<group>";
		};
/* End PBXVariantGroup section */

/* Begin XCBuildConfiguration section */
		0E2704A51BCD85120080C3AE /* Debug */ = {
			isa = XCBuildConfiguration;
			buildSettings = {
				ALWAYS_SEARCH_USER_PATHS = NO;
				CLANG_CXX_LANGUAGE_STANDARD = "gnu++0x";
				CLANG_CXX_LIBRARY = "libc++";
				CLANG_ENABLE_MODULES = YES;
				CLANG_ENABLE_OBJC_ARC = YES;
				CLANG_WARN_BOOL_CONVERSION = YES;
				CLANG_WARN_CONSTANT_CONVERSION = YES;
				CLANG_WARN_DIRECT_OBJC_ISA_USAGE = YES_ERROR;
				CLANG_WARN_EMPTY_BODY = YES;
				CLANG_WARN_ENUM_CONVERSION = YES;
				CLANG_WARN_INT_CONVERSION = YES;
				CLANG_WARN_OBJC_ROOT_CLASS = YES_ERROR;
				CLANG_WARN_UNREACHABLE_CODE = YES;
				CLANG_WARN__DUPLICATE_METHOD_MATCH = YES;
				"CODE_SIGN_IDENTITY[sdk=iphoneos*]" = "iPhone Developer";
				COPY_PHASE_STRIP = NO;
				DEBUG_INFORMATION_FORMAT = dwarf;
				ENABLE_STRICT_OBJC_MSGSEND = YES;
				ENABLE_TESTABILITY = YES;
				GCC_C_LANGUAGE_STANDARD = gnu99;
				GCC_DYNAMIC_NO_PIC = NO;
				GCC_NO_COMMON_BLOCKS = YES;
				GCC_OPTIMIZATION_LEVEL = 0;
				GCC_PREPROCESSOR_DEFINITIONS = (
					"DEBUG=1",
					"$(inherited)",
				);
				GCC_WARN_64_TO_32_BIT_CONVERSION = YES;
				GCC_WARN_ABOUT_RETURN_TYPE = YES_ERROR;
				GCC_WARN_UNDECLARED_SELECTOR = YES;
				GCC_WARN_UNINITIALIZED_AUTOS = YES_AGGRESSIVE;
				GCC_WARN_UNUSED_FUNCTION = YES;
				GCC_WARN_UNUSED_VARIABLE = YES;
				IPHONEOS_DEPLOYMENT_TARGET = 9.0;
				MTL_ENABLE_DEBUG_INFO = YES;
				ONLY_ACTIVE_ARCH = YES;
				SDKROOT = iphoneos;
				SWIFT_OPTIMIZATION_LEVEL = "-Onone";
			};
			name = Debug;
		};
		0E2704A61BCD85120080C3AE /* Release */ = {
			isa = XCBuildConfiguration;
			buildSettings = {
				ALWAYS_SEARCH_USER_PATHS = NO;
				CLANG_CXX_LANGUAGE_STANDARD = "gnu++0x";
				CLANG_CXX_LIBRARY = "libc++";
				CLANG_ENABLE_MODULES = YES;
				CLANG_ENABLE_OBJC_ARC = YES;
				CLANG_WARN_BOOL_CONVERSION = YES;
				CLANG_WARN_CONSTANT_CONVERSION = YES;
				CLANG_WARN_DIRECT_OBJC_ISA_USAGE = YES_ERROR;
				CLANG_WARN_EMPTY_BODY = YES;
				CLANG_WARN_ENUM_CONVERSION = YES;
				CLANG_WARN_INT_CONVERSION = YES;
				CLANG_WARN_OBJC_ROOT_CLASS = YES_ERROR;
				CLANG_WARN_UNREACHABLE_CODE = YES;
				CLANG_WARN__DUPLICATE_METHOD_MATCH = YES;
				"CODE_SIGN_IDENTITY[sdk=iphoneos*]" = "iPhone Developer";
				COPY_PHASE_STRIP = NO;
				DEBUG_INFORMATION_FORMAT = "dwarf-with-dsym";
				ENABLE_NS_ASSERTIONS = NO;
				ENABLE_STRICT_OBJC_MSGSEND = YES;
				GCC_C_LANGUAGE_STANDARD = gnu99;
				GCC_NO_COMMON_BLOCKS = YES;
				GCC_WARN_64_TO_32_BIT_CONVERSION = YES;
				GCC_WARN_ABOUT_RETURN_TYPE = YES_ERROR;
				GCC_WARN_UNDECLARED_SELECTOR = YES;
				GCC_WARN_UNINITIALIZED_AUTOS = YES_AGGRESSIVE;
				GCC_WARN_UNUSED_FUNCTION = YES;
				GCC_WARN_UNUSED_VARIABLE = YES;
				IPHONEOS_DEPLOYMENT_TARGET = 9.0;
				MTL_ENABLE_DEBUG_INFO = NO;
				SDKROOT = iphoneos;
				VALIDATE_PRODUCT = YES;
			};
			name = Release;
		};
		0E2704A81BCD85120080C3AE /* Debug */ = {
			isa = XCBuildConfiguration;
			buildSettings = {
				ASSETCATALOG_COMPILER_APPICON_NAME = AppIcon;
				INFOPLIST_FILE = PitchPerfect/Info.plist;
				IPHONEOS_DEPLOYMENT_TARGET = 8.4;
				LD_RUNPATH_SEARCH_PATHS = "$(inherited) @executable_path/Frameworks";
				PRODUCT_BUNDLE_IDENTIFIER = com.jondouglas.PitchPerfect;
				PRODUCT_NAME = "$(TARGET_NAME)";
			};
			name = Debug;
		};
		0E2704A91BCD85120080C3AE /* Release */ = {
			isa = XCBuildConfiguration;
			buildSettings = {
				ASSETCATALOG_COMPILER_APPICON_NAME = AppIcon;
				INFOPLIST_FILE = PitchPerfect/Info.plist;
				IPHONEOS_DEPLOYMENT_TARGET = 8.4;
				LD_RUNPATH_SEARCH_PATHS = "$(inherited) @executable_path/Frameworks";
				PRODUCT_BUNDLE_IDENTIFIER = com.jondouglas.PitchPerfect;
				PRODUCT_NAME = "$(TARGET_NAME)";
			};
			name = Release;
		};
/* End XCBuildConfiguration section */

/* Begin XCConfigurationList section */
		0E2704901BCD85120080C3AE /* Build configuration list for PBXProject "PitchPerfect" */ = {
			isa = XCConfigurationList;
			buildConfigurations = (
				0E2704A51BCD85120080C3AE /* Debug */,
				0E2704A61BCD85120080C3AE /* Release */,
			);
			defaultConfigurationIsVisible = 0;
			defaultConfigurationName = Release;
		};
		0E2704A71BCD85120080C3AE /* Build configuration list for PBXNativeTarget "PitchPerfect" */ = {
			isa = XCConfigurationList;
			buildConfigurations = (
				0E2704A81BCD85120080C3AE /* Debug */,
				0E2704A91BCD85120080C3AE /* Release */,
			);
			defaultConfigurationIsVisible = 0;
		};
/* End XCConfigurationList section */
	};
	rootObject = 0E27048D1BCD85120080C3AE /* Project object */;
}
